// !$*UTF8*$!
{
	archiveVersion = 1;
	classes = {
	};
	objectVersion = 56;
	objects = {

/* Begin PBXBuildFile section */
		AB14566329394E3600BEEDC3 /* LandmarksApp.swift in Sources */ = {isa = PBXBuildFile; fileRef = AB14566229394E3600BEEDC3 /* LandmarksApp.swift */; };
		AB14566529394E3600BEEDC3 /* ContentView.swift in Sources */ = {isa = PBXBuildFile; fileRef = AB14566429394E3600BEEDC3 /* ContentView.swift */; };
		AB14566729394E3800BEEDC3 /* Assets.xcassets in Resources */ = {isa = PBXBuildFile; fileRef = AB14566629394E3800BEEDC3 /* Assets.xcassets */; };
		AB14566A29394E3800BEEDC3 /* Preview Assets.xcassets in Resources */ = {isa = PBXBuildFile; fileRef = AB14566929394E3800BEEDC3 /* Preview Assets.xcassets */; };
		AB1456712939550000BEEDC3 /* CircleImage.swift in Sources */ = {isa = PBXBuildFile; fileRef = AB1456702939550000BEEDC3 /* CircleImage.swift */; };
		AB1456732939563100BEEDC3 /* MapView.swift in Sources */ = {isa = PBXBuildFile; fileRef = AB1456722939563100BEEDC3 /* MapView.swift */; };
		AB14567529395C0000BEEDC3 /* landmarkData.json in Resources */ = {isa = PBXBuildFile; fileRef = AB14567429395C0000BEEDC3 /* landmarkData.json */; };
		AB14567729395C3400BEEDC3 /* Landmark.swift in Sources */ = {isa = PBXBuildFile; fileRef = AB14567629395C3400BEEDC3 /* Landmark.swift */; };
		AB14567929395EB500BEEDC3 /* ModelData.swift in Sources */ = {isa = PBXBuildFile; fileRef = AB14567829395EB500BEEDC3 /* ModelData.swift */; };
		AB14567F2939C68C00BEEDC3 /* LandmarkRow.swift in Sources */ = {isa = PBXBuildFile; fileRef = AB14567E2939C68C00BEEDC3 /* LandmarkRow.swift */; };
		AB145681293B119800BEEDC3 /* LandmarkList.swift in Sources */ = {isa = PBXBuildFile; fileRef = AB145680293B119800BEEDC3 /* LandmarkList.swift */; };
		AB145683293B140100BEEDC3 /* LandmarkDetail.swift in Sources */ = {isa = PBXBuildFile; fileRef = AB145682293B140100BEEDC3 /* LandmarkDetail.swift */; };
		AB145685293E684500BEEDC3 /* FavoriteButton.swift in Sources */ = {isa = PBXBuildFile; fileRef = AB145684293E684500BEEDC3 /* FavoriteButton.swift */; };
/* End PBXBuildFile section */

/* Begin PBXFileReference section */
		AB14565F29394E3600BEEDC3 /* Landmarks.app */ = {isa = PBXFileReference; explicitFileType = wrapper.application; includeInIndex = 0; path = Landmarks.app; sourceTree = BUILT_PRODUCTS_DIR; };
		AB14566229394E3600BEEDC3 /* LandmarksApp.swift */ = {isa = PBXFileReference; lastKnownFileType = sourcecode.swift; path = LandmarksApp.swift; sourceTree = "<group>"; };
		AB14566429394E3600BEEDC3 /* ContentView.swift */ = {isa = PBXFileReference; lastKnownFileType = sourcecode.swift; path = ContentView.swift; sourceTree = "<group>"; };
		AB14566629394E3800BEEDC3 /* Assets.xcassets */ = {isa = PBXFileReference; lastKnownFileType = folder.assetcatalog; path = Assets.xcassets; sourceTree = "<group>"; };
		AB14566929394E3800BEEDC3 /* Preview Assets.xcassets */ = {isa = PBXFileReference; lastKnownFileType = folder.assetcatalog; path = "Preview Assets.xcassets"; sourceTree = "<group>"; };
		AB1456702939550000BEEDC3 /* CircleImage.swift */ = {isa = PBXFileReference; lastKnownFileType = sourcecode.swift; path = CircleImage.swift; sourceTree = "<group>"; };
		AB1456722939563100BEEDC3 /* MapView.swift */ = {isa = PBXFileReference; lastKnownFileType = sourcecode.swift; path = MapView.swift; sourceTree = "<group>"; };
		AB14567429395C0000BEEDC3 /* landmarkData.json */ = {isa = PBXFileReference; fileEncoding = 4; lastKnownFileType = text.json; path = landmarkData.json; sourceTree = "<group>"; };
		AB14567629395C3400BEEDC3 /* Landmark.swift */ = {isa = PBXFileReference; lastKnownFileType = sourcecode.swift; path = Landmark.swift; sourceTree = "<group>"; };
		AB14567829395EB500BEEDC3 /* ModelData.swift */ = {isa = PBXFileReference; lastKnownFileType = sourcecode.swift; path = ModelData.swift; sourceTree = "<group>"; };
		AB14567E2939C68C00BEEDC3 /* LandmarkRow.swift */ = {isa = PBXFileReference; lastKnownFileType = sourcecode.swift; path = LandmarkRow.swift; sourceTree = "<group>"; };
		AB145680293B119800BEEDC3 /* LandmarkList.swift */ = {isa = PBXFileReference; lastKnownFileType = sourcecode.swift; path = LandmarkList.swift; sourceTree = "<group>"; };
		AB145682293B140100BEEDC3 /* LandmarkDetail.swift */ = {isa = PBXFileReference; lastKnownFileType = sourcecode.swift; path = LandmarkDetail.swift; sourceTree = "<group>"; };
		AB145684293E684500BEEDC3 /* FavoriteButton.swift */ = {isa = PBXFileReference; lastKnownFileType = sourcecode.swift; path = FavoriteButton.swift; sourceTree = "<group>"; };
/* End PBXFileReference section */

/* Begin PBXFrameworksBuildPhase section */
		AB14565C29394E3600BEEDC3 /* Frameworks */ = {
			isa = PBXFrameworksBuildPhase;
			buildActionMask = 2147483647;
			files = (
			);
			runOnlyForDeploymentPostprocessing = 0;
		};
/* End PBXFrameworksBuildPhase section */

/* Begin PBXGroup section */
		AB14565629394E3600BEEDC3 = {
			isa = PBXGroup;
			children = (
				AB14566129394E3600BEEDC3 /* Landmarks */,
				AB14566029394E3600BEEDC3 /* Products */,
			);
			sourceTree = "<group>";
		};
		AB14566029394E3600BEEDC3 /* Products */ = {
			isa = PBXGroup;
			children = (
				AB14565F29394E3600BEEDC3 /* Landmarks.app */,
			);
			name = Products;
			sourceTree = "<group>";
		};
		AB14566129394E3600BEEDC3 /* Landmarks */ = {
			isa = PBXGroup;
			children = (
				AB14566229394E3600BEEDC3 /* LandmarksApp.swift */,
				AB14567A2939C5C800BEEDC3 /* Views */,
				AB14567C2939C5EF00BEEDC3 /* Model */,
				AB14567D2939C5FD00BEEDC3 /* Resources */,
				AB14566629394E3800BEEDC3 /* Assets.xcassets */,
				AB14566829394E3800BEEDC3 /* Preview Content */,
			);
			path = Landmarks;
			sourceTree = "<group>";
		};
		AB14566829394E3800BEEDC3 /* Preview Content */ = {
			isa = PBXGroup;
			children = (
				AB14566929394E3800BEEDC3 /* Preview Assets.xcassets */,
			);
			path = "Preview Content";
			sourceTree = "<group>";
		};
		AB14567A2939C5C800BEEDC3 /* Views */ = {
			isa = PBXGroup;
			children = (
				AB14566429394E3600BEEDC3 /* ContentView.swift */,
				AB145686293E756C00BEEDC3 /* Helpers */,
				AB145687293E758800BEEDC3 /* Landmarks */,
			);
			path = Views;
			sourceTree = "<group>";
		};
		AB14567C2939C5EF00BEEDC3 /* Model */ = {
			isa = PBXGroup;
			children = (
				AB14567629395C3400BEEDC3 /* Landmark.swift */,
				AB14567829395EB500BEEDC3 /* ModelData.swift */,
			);
			path = Model;
			sourceTree = "<group>";
		};
		AB14567D2939C5FD00BEEDC3 /* Resources */ = {
			isa = PBXGroup;
			children = (
				AB14567429395C0000BEEDC3 /* landmarkData.json */,
			);
			path = Resources;
			sourceTree = "<group>";
		};
		AB145686293E756C00BEEDC3 /* Helpers */ = {
			isa = PBXGroup;
			children = (
				AB1456702939550000BEEDC3 /* CircleImage.swift */,
				AB1456722939563100BEEDC3 /* MapView.swift */,
				AB145684293E684500BEEDC3 /* FavoriteButton.swift */,
			);
			path = Helpers;
			sourceTree = "<group>";
		};
		AB145687293E758800BEEDC3 /* Landmarks */ = {
			isa = PBXGroup;
			children = (
				AB14567E2939C68C00BEEDC3 /* LandmarkRow.swift */,
				AB145680293B119800BEEDC3 /* LandmarkList.swift */,
				AB145682293B140100BEEDC3 /* LandmarkDetail.swift */,
			);
			path = Landmarks;
			sourceTree = "<group>";
		};
/* End PBXGroup section */

/* Begin PBXNativeTarget section */
		AB14565E29394E3600BEEDC3 /* Landmarks */ = {
			isa = PBXNativeTarget;
			buildConfigurationList = AB14566D29394E3800BEEDC3 /* Build configuration list for PBXNativeTarget "Landmarks" */;
			buildPhases = (
				AB14565B29394E3600BEEDC3 /* Sources */,
				AB14565C29394E3600BEEDC3 /* Frameworks */,
				AB14565D29394E3600BEEDC3 /* Resources */,
			);
			buildRules = (
			);
			dependencies = (
			);
			name = Landmarks;
			productName = Landmarks;
			productReference = AB14565F29394E3600BEEDC3 /* Landmarks.app */;
			productType = "com.apple.product-type.application";
		};
/* End PBXNativeTarget section */

/* Begin PBXProject section */
		AB14565729394E3600BEEDC3 /* Project object */ = {
			isa = PBXProject;
			attributes = {
				BuildIndependentTargetsInParallel = 1;
				LastSwiftUpdateCheck = 1410;
				LastUpgradeCheck = 1410;
				TargetAttributes = {
					AB14565E29394E3600BEEDC3 = {
						CreatedOnToolsVersion = 14.1;
					};
				};
			};
			buildConfigurationList = AB14565A29394E3600BEEDC3 /* Build configuration list for PBXProject "Landmarks" */;
			compatibilityVersion = "Xcode 14.0";
			developmentRegion = en;
			hasScannedForEncodings = 0;
			knownRegions = (
				en,
				Base,
			);
			mainGroup = AB14565629394E3600BEEDC3;
			productRefGroup = AB14566029394E3600BEEDC3 /* Products */;
			projectDirPath = "";
			projectRoot = "";
			targets = (
				AB14565E29394E3600BEEDC3 /* Landmarks */,
			);
		};
/* End PBXProject section */

/* Begin PBXResourcesBuildPhase section */
		AB14565D29394E3600BEEDC3 /* Resources */ = {
			isa = PBXResourcesBuildPhase;
			buildActionMask = 2147483647;
			files = (
				AB14566A29394E3800BEEDC3 /* Preview Assets.xcassets in Resources */,
				AB14566729394E3800BEEDC3 /* Assets.xcassets in Resources */,
				AB14567529395C0000BEEDC3 /* landmarkData.json in Resources */,
			);
			runOnlyForDeploymentPostprocessing = 0;
		};
/* End PBXResourcesBuildPhase section */

/* Begin PBXSourcesBuildPhase section */
		AB14565B29394E3600BEEDC3 /* Sources */ = {
			isa = PBXSourcesBuildPhase;
			buildActionMask = 2147483647;
			files = (
				AB14566529394E3600BEEDC3 /* ContentView.swift in Sources */,
				AB1456732939563100BEEDC3 /* MapView.swift in Sources */,
				AB14566329394E3600BEEDC3 /* LandmarksApp.swift in Sources */,
				AB145685293E684500BEEDC3 /* FavoriteButton.swift in Sources */,
				AB145681293B119800BEEDC3 /* LandmarkList.swift in Sources */,
				AB145683293B140100BEEDC3 /* LandmarkDetail.swift in Sources */,
				AB1456712939550000BEEDC3 /* CircleImage.swift in Sources */,
				AB14567729395C3400BEEDC3 /* Landmark.swift in Sources */,
				AB14567F2939C68C00BEEDC3 /* LandmarkRow.swift in Sources */,
				AB14567929395EB500BEEDC3 /* ModelData.swift in Sources */,
			);
			runOnlyForDeploymentPostprocessing = 0;
		};
/* End PBXSourcesBuildPhase section */

/* Begin XCBuildConfiguration section */
		AB14566B29394E3800BEEDC3 /* Debug */ = {
			isa = XCBuildConfiguration;
			buildSettings = {
				ALWAYS_SEARCH_USER_PATHS = NO;
				CLANG_ANALYZER_NONNULL = YES;
				CLANG_ANALYZER_NUMBER_OBJECT_CONVERSION = YES_AGGRESSIVE;
				CLANG_CXX_LANGUAGE_STANDARD = "gnu++20";
				CLANG_ENABLE_MODULES = YES;
				CLANG_ENABLE_OBJC_ARC = YES;
				CLANG_ENABLE_OBJC_WEAK = YES;
				CLANG_WARN_BLOCK_CAPTURE_AUTORELEASING = YES;
				CLANG_WARN_BOOL_CONVERSION = YES;
				CLANG_WARN_COMMA = YES;
				CLANG_WARN_CONSTANT_CONVERSION = YES;
				CLANG_WARN_DEPRECATED_OBJC_IMPLEMENTATIONS = YES;
				CLANG_WARN_DIRECT_OBJC_ISA_USAGE = YES_ERROR;
				CLANG_WARN_DOCUMENTATION_COMMENTS = YES;
				CLANG_WARN_EMPTY_BODY = YES;
				CLANG_WARN_ENUM_CONVERSION = YES;
				CLANG_WARN_INFINITE_RECURSION = YES;
				CLANG_WARN_INT_CONVERSION = YES;
				CLANG_WARN_NON_LITERAL_NULL_CONVERSION = YES;
				CLANG_WARN_OBJC_IMPLICIT_RETAIN_SELF = YES;
				CLANG_WARN_OBJC_LITERAL_CONVERSION = YES;
				CLANG_WARN_OBJC_ROOT_CLASS = YES_ERROR;
				CLANG_WARN_QUOTED_INCLUDE_IN_FRAMEWORK_HEADER = YES;
				CLANG_WARN_RANGE_LOOP_ANALYSIS = YES;
				CLANG_WARN_STRICT_PROTOTYPES = YES;
				CLANG_WARN_SUSPICIOUS_MOVE = YES;
				CLANG_WARN_UNGUARDED_AVAILABILITY = YES_AGGRESSIVE;
				CLANG_WARN_UNREACHABLE_CODE = YES;
				CLANG_WARN__DUPLICATE_METHOD_MATCH = YES;
				COPY_PHASE_STRIP = NO;
				DEBUG_INFORMATION_FORMAT = dwarf;
				ENABLE_STRICT_OBJC_MSGSEND = YES;
				ENABLE_TESTABILITY = YES;
				GCC_C_LANGUAGE_STANDARD = gnu11;
				GCC_DYNAMIC_NO_PIC = NO;
				GCC_NO_COMMON_BLOCKS = YES;
				GCC_OPTIMIZATION_LEVEL = 0;
				GCC_PREPROCESSOR_DEFINITIONS = (
					"DEBUG=1",
					"$(inherited)",
				);
				GCC_WARN_64_TO_32_BIT_CONVERSION = YES;
				GCC_WARN_ABOUT_RETURN_TYPE = YES_ERROR;
				GCC_WARN_UNDECLARED_SELECTOR = YES;
				GCC_WARN_UNINITIALIZED_AUTOS = YES_AGGRESSIVE;
				GCC_WARN_UNUSED_FUNCTION = YES;
				GCC_WARN_UNUSED_VARIABLE = YES;
				IPHONEOS_DEPLOYMENT_TARGET = 16.1;
				MTL_ENABLE_DEBUG_INFO = INCLUDE_SOURCE;
				MTL_FAST_MATH = YES;
				ONLY_ACTIVE_ARCH = YES;
				SDKROOT = iphoneos;
				SWIFT_ACTIVE_COMPILATION_CONDITIONS = DEBUG;
				SWIFT_OPTIMIZATION_LEVEL = "-Onone";
			};
			name = Debug;
		};
		AB14566C29394E3800BEEDC3 /* Release */ = {
			isa = XCBuildConfiguration;
			buildSettings = {
				ALWAYS_SEARCH_USER_PATHS = NO;
				CLANG_ANALYZER_NONNULL = YES;
				CLANG_ANALYZER_NUMBER_OBJECT_CONVERSION = YES_AGGRESSIVE;
				CLANG_CXX_LANGUAGE_STANDARD = "gnu++20";
				CLANG_ENABLE_MODULES = YES;
				CLANG_ENABLE_OBJC_ARC = YES;
				CLANG_ENABLE_OBJC_WEAK = YES;
				CLANG_WARN_BLOCK_CAPTURE_AUTORELEASING = YES;
				CLANG_WARN_BOOL_CONVERSION = YES;
				CLANG_WARN_COMMA = YES;
				CLANG_WARN_CONSTANT_CONVERSION = YES;
				CLANG_WARN_DEPRECATED_OBJC_IMPLEMENTATIONS = YES;
				CLANG_WARN_DIRECT_OBJC_ISA_USAGE = YES_ERROR;
				CLANG_WARN_DOCUMENTATION_COMMENTS = YES;
				CLANG_WARN_EMPTY_BODY = YES;
				CLANG_WARN_ENUM_CONVERSION = YES;
				CLANG_WARN_INFINITE_RECURSION = YES;
				CLANG_WARN_INT_CONVERSION = YES;
				CLANG_WARN_NON_LITERAL_NULL_CONVERSION = YES;
				CLANG_WARN_OBJC_IMPLICIT_RETAIN_SELF = YES;
				CLANG_WARN_OBJC_LITERAL_CONVERSION = YES;
				CLANG_WARN_OBJC_ROOT_CLASS = YES_ERROR;
				CLANG_WARN_QUOTED_INCLUDE_IN_FRAMEWORK_HEADER = YES;
				CLANG_WARN_RANGE_LOOP_ANALYSIS = YES;
				CLANG_WARN_STRICT_PROTOTYPES = YES;
				CLANG_WARN_SUSPICIOUS_MOVE = YES;
				CLANG_WARN_UNGUARDED_AVAILABILITY = YES_AGGRESSIVE;
				CLANG_WARN_UNREACHABLE_CODE = YES;
				CLANG_WARN__DUPLICATE_METHOD_MATCH = YES;
				COPY_PHASE_STRIP = NO;
				DEBUG_INFORMATION_FORMAT = "dwarf-with-dsym";
				ENABLE_NS_ASSERTIONS = NO;
				ENABLE_STRICT_OBJC_MSGSEND = YES;
				GCC_C_LANGUAGE_STANDARD = gnu11;
				GCC_NO_COMMON_BLOCKS = YES;
				GCC_WARN_64_TO_32_BIT_CONVERSION = YES;
				GCC_WARN_ABOUT_RETURN_TYPE = YES_ERROR;
				GCC_WARN_UNDECLARED_SELECTOR = YES;
				GCC_WARN_UNINITIALIZED_AUTOS = YES_AGGRESSIVE;
				GCC_WARN_UNUSED_FUNCTION = YES;
				GCC_WARN_UNUSED_VARIABLE = YES;
				IPHONEOS_DEPLOYMENT_TARGET = 16.1;
				MTL_ENABLE_DEBUG_INFO = NO;
				MTL_FAST_MATH = YES;
				SDKROOT = iphoneos;
				SWIFT_COMPILATION_MODE = wholemodule;
				SWIFT_OPTIMIZATION_LEVEL = "-O";
				VALIDATE_PRODUCT = YES;
			};
			name = Release;
		};
		AB14566E29394E3800BEEDC3 /* Debug */ = {
			isa = XCBuildConfiguration;
			buildSettings = {
				ASSETCATALOG_COMPILER_APPICON_NAME = AppIcon;
				ASSETCATALOG_COMPILER_GLOBAL_ACCENT_COLOR_NAME = AccentColor;
				CODE_SIGN_STYLE = Automatic;
				CURRENT_PROJECT_VERSION = 1;
				DEVELOPMENT_ASSET_PATHS = "\"Landmarks/Preview Content\"";
				DEVELOPMENT_TEAM = 43YQFDZNH8;
				ENABLE_PREVIEWS = YES;
				GENERATE_INFOPLIST_FILE = YES;
				INFOPLIST_KEY_UIApplicationSceneManifest_Generation = YES;
				INFOPLIST_KEY_UIApplicationSupportsIndirectInputEvents = YES;
				INFOPLIST_KEY_UILaunchScreen_Generation = YES;
				INFOPLIST_KEY_UISupportedInterfaceOrientations_iPad = "UIInterfaceOrientationPortrait UIInterfaceOrientationPortraitUpsideDown UIInterfaceOrientationLandscapeLeft UIInterfaceOrientationLandscapeRight";
				INFOPLIST_KEY_UISupportedInterfaceOrientations_iPhone = "UIInterfaceOrientationPortrait UIInterfaceOrientationLandscapeLeft UIInterfaceOrientationLandscapeRight";
				IPHONEOS_DEPLOYMENT_TARGET = 15.0;
				LD_RUNPATH_SEARCH_PATHS = (
					"$(inherited)",
					"@executable_path/Frameworks",
				);
				MARKETING_VERSION = 1.0;
				PRODUCT_BUNDLE_IDENTIFIER = ru.artembolotov.Landmarks;
				PRODUCT_NAME = "$(TARGET_NAME)";
				SWIFT_EMIT_LOC_STRINGS = YES;
				SWIFT_VERSION = 5.0;
				TARGETED_DEVICE_FAMILY = "1,2";
			};
			name = Debug;
		};
		AB14566F29394E3800BEEDC3 /* Release */ = {
			isa = XCBuildConfiguration;
			buildSettings = {
				ASSETCATALOG_COMPILER_APPICON_NAME = AppIcon;
				ASSETCATALOG_COMPILER_GLOBAL_ACCENT_COLOR_NAME = AccentColor;
				CODE_SIGN_STYLE = Automatic;
				CURRENT_PROJECT_VERSION = 1;
				DEVELOPMENT_ASSET_PATHS = "\"Landmarks/Preview Content\"";
				DEVELOPMENT_TEAM = 43YQFDZNH8;
				ENABLE_PREVIEWS = YES;
				GENERATE_INFOPLIST_FILE = YES;
				INFOPLIST_KEY_UIApplicationSceneManifest_Generation = YES;
				INFOPLIST_KEY_UIApplicationSupportsIndirectInputEvents = YES;
				INFOPLIST_KEY_UILaunchScreen_Generation = YES;
				INFOPLIST_KEY_UISupportedInterfaceOrientations_iPad = "UIInterfaceOrientationPortrait UIInterfaceOrientationPortraitUpsideDown UIInterfaceOrientationLandscapeLeft UIInterfaceOrientationLandscapeRight";
				INFOPLIST_KEY_UISupportedInterfaceOrientations_iPhone = "UIInterfaceOrientationPortrait UIInterfaceOrientationLandscapeLeft UIInterfaceOrientationLandscapeRight";
				IPHONEOS_DEPLOYMENT_TARGET = 15.0;
				LD_RUNPATH_SEARCH_PATHS = (
					"$(inherited)",
					"@executable_path/Frameworks",
				);
				MARKETING_VERSION = 1.0;
				PRODUCT_BUNDLE_IDENTIFIER = ru.artembolotov.Landmarks;
				PRODUCT_NAME = "$(TARGET_NAME)";
				SWIFT_EMIT_LOC_STRINGS = YES;
				SWIFT_VERSION = 5.0;
				TARGETED_DEVICE_FAMILY = "1,2";
			};
			name = Release;
		};
/* End XCBuildConfiguration section */

/* Begin XCConfigurationList section */
		AB14565A29394E3600BEEDC3 /* Build configuration list for PBXProject "Landmarks" */ = {
			isa = XCConfigurationList;
			buildConfigurations = (
				AB14566B29394E3800BEEDC3 /* Debug */,
				AB14566C29394E3800BEEDC3 /* Release */,
			);
			defaultConfigurationIsVisible = 0;
			defaultConfigurationName = Release;
		};
		AB14566D29394E3800BEEDC3 /* Build configuration list for PBXNativeTarget "Landmarks" */ = {
			isa = XCConfigurationList;
			buildConfigurations = (
				AB14566E29394E3800BEEDC3 /* Debug */,
				AB14566F29394E3800BEEDC3 /* Release */,
			);
			defaultConfigurationIsVisible = 0;
			defaultConfigurationName = Release;
		};
/* End XCConfigurationList section */
	};
	rootObject = AB14565729394E3600BEEDC3 /* Project object */;
}
